{
  "nodes": {
    "disko": {
      "inputs": {
        "nixpkgs": [
          "nixpkgs"
        ]
      },
      "locked": {
        "lastModified": 1686222354,
        "narHash": "sha256-dtqnAwzucKZv54dTrLetIXhOavUrCsdqOe+JtFH9riE=",
        "owner": "nix-community",
        "repo": "disko",
        "rev": "5d9f362aecd7a4c2e8a3bf2afddb49051988cab9",
        "type": "github"
      },
      "original": {
        "owner": "nix-community",
        "repo": "disko",
        "type": "github"
      }
    },
    "nixpkgs": {
      "locked": {
        "lastModified": 1686241714,
        "narHash": "sha256-YHkECAW7J8OlQfep2s/bzognXO6OO7zY2UWz3AppUTQ=",
        "owner": "NixOS",
        "repo": "nixpkgs",
        "rev": "c4146925c7d2d6878905fc76920b8f905bc54c5a",
        "type": "github"
      },
      "original": {
        "owner": "NixOS",
        "repo": "nixpkgs",
        "type": "github"
      }
    },
    "root": {
      "inputs": {
        "disko": "disko",
        "nixpkgs": "nixpkgs"
      }
    }
  },
  "root": "root",
  "version": 7
}
